
Microsoft Visual Studio Solution File, Format Version 12.00
# Visual Studio Version 16
VisualStudioVersion = 16.0.29728.190
MinimumVisualStudioVersion = 10.0.40219.1
Project("{9A19103F-16F7-4668-BE54-9A1E7A4F7556}") = "chess-romp-wpf", "chess-romp-wpf\chess-romp-wpf.csproj", "{2DAC7C9F-2BEB-4797-BB1D-038601F5CEFE}"
EndProject
Project("{9A19103F-16F7-4668-BE54-9A1E7A4F7556}") = "chess-romp-cons", "chess-romp-cons\chess-romp-cons.csproj", "{4043AD4F-83DF-4D62-A875-39108CCCA780}"
EndProject
Project("{D954291E-2A0B-460D-934E-DC6B0785DB48}") = "Romp", "Romp\Romp.shproj", "{8AAB9475-7101-44D7-8F64-2367AA3B710F}"
EndProject
Project("{2150E333-8FDC-42A3-9474-1A3956D46DE8}") = "Solution Items", "Solution Items", "{204E2C2D-D491-4F06-BC89-D145BF97AA8E}"
	ProjectSection(SolutionItems) = preProject
		.editorconfig = .editorconfig
		readme.md = readme.md
		data\test.pgn = data\test.pgn
	EndProjectSection
EndProject
Global
	GlobalSection(SharedMSBuildProjectFiles) = preSolution
		Romp\Romp.projitems*{8aab9475-7101-44d7-8f64-2367aa3b710f}*SharedItemsImports = 13
	EndGlobalSection
	GlobalSection(SolutionConfigurationPlatforms) = preSolution
		Debug|Any CPU = Debug|Any CPU
		Release|Any CPU = Release|Any CPU
	EndGlobalSection
	GlobalSection(ProjectConfigurationPlatforms) = postSolution
		{2DAC7C9F-2BEB-4797-BB1D-038601F5CEFE}.Debug|Any CPU.ActiveCfg = Debug|Any CPU
		{2DAC7C9F-2BEB-4797-BB1D-038601F5CEFE}.Debug|Any CPU.Build.0 = Debug|Any CPU
		{2DAC7C9F-2BEB-4797-BB1D-038601F5CEFE}.Release|Any CPU.ActiveCfg = Release|Any CPU
		{2DAC7C9F-2BEB-4797-BB1D-038601F5CEFE}.Release|Any CPU.Build.0 = Release|Any CPU
		{4043AD4F-83DF-4D62-A875-39108CCCA780}.Debug|Any CPU.ActiveCfg = Debug|Any CPU
		{4043AD4F-83DF-4D62-A875-39108CCCA780}.Debug|Any CPU.Build.0 = Debug|Any CPU
		{4043AD4F-83DF-4D62-A875-39108CCCA780}.Release|Any CPU.ActiveCfg = Release|Any CPU
		{4043AD4F-83DF-4D62-A875-39108CCCA780}.Release|Any CPU.Build.0 = Release|Any CPU
	EndGlobalSection
	GlobalSection(SolutionProperties) = preSolution
		HideSolutionNode = FALSE
	EndGlobalSection
	GlobalSection(ExtensibilityGlobals) = postSolution
		SolutionGuid = {49D580C9-0FEA-46EE-930C-B1ABE8F439A1}
	EndGlobalSection
EndGlobal
